
Microsoft Visual Studio Solution File, Format Version 12.00
# Visual Studio Version 16
VisualStudioVersion = 25.0.1703.7
MinimumVisualStudioVersion = 10.0.40219.1
Project("{FAE04EC0-301F-11D3-BF4B-00C04F79EFBC}") = "ActiveMatter", "ActiveMatter\ActiveMatter.csproj", "{22C873DD-27DE-48E3-B54B-919198270AB5}"
EndProject
Global
	GlobalSection(SolutionConfigurationPlatforms) = preSolution
		Debug|Any CPU = Debug|Any CPU
		Release|Any CPU = Release|Any CPU
	EndGlobalSection
	GlobalSection(ProjectConfigurationPlatforms) = postSolution
		{22C873DD-27DE-48E3-B54B-919198270AB5}.Debug|Any CPU.ActiveCfg = Debug|Any CPU
		{22C873DD-27DE-48E3-B54B-919198270AB5}.Debug|Any CPU.Build.0 = Debug|Any CPU
		{22C873DD-27DE-48E3-B54B-919198270AB5}.Release|Any CPU.ActiveCfg = Release|Any CPU
		{22C873DD-27DE-48E3-B54B-919198270AB5}.Release|Any CPU.Build.0 = Release|Any CPU
	EndGlobalSection
	GlobalSection(SolutionProperties) = preSolution
		HideSolutionNode = FALSE
	EndGlobalSection
	GlobalSection(ExtensibilityGlobals) = postSolution
		SolutionGuid = {605057A5-610C-4E04-96CE-18765AEF7D74}
	EndGlobalSection
EndGlobal
